// !$*UTF8*$!
{
	archiveVersion = 1;
	classes = {
	};
	objectVersion = 50;
	objects = {

/* Begin PBXBuildFile section */
		2B65483422A4E1D0006AB785 /* AppDelegate.swift in Sources */ = {isa = PBXBuildFile; fileRef = 2B65483322A4E1D0006AB785 /* AppDelegate.swift */; };
		2B65483622A4E1D0006AB785 /* ViewController.swift in Sources */ = {isa = PBXBuildFile; fileRef = 2B65483522A4E1D0006AB785 /* ViewController.swift */; };
		2B65483922A4E1D0006AB785 /* Main.storyboard in Resources */ = {isa = PBXBuildFile; fileRef = 2B65483722A4E1D0006AB785 /* Main.storyboard */; };
		2B65483B22A4E1D1006AB785 /* Assets.xcassets in Resources */ = {isa = PBXBuildFile; fileRef = 2B65483A22A4E1D1006AB785 /* Assets.xcassets */; };
		2B65483E22A4E1D1006AB785 /* LaunchScreen.storyboard in Resources */ = {isa = PBXBuildFile; fileRef = 2B65483C22A4E1D1006AB785 /* LaunchScreen.storyboard */; };
		2B65484922A4E1D1006AB785 /* Machinetest_oneTests.swift in Sources */ = {isa = PBXBuildFile; fileRef = 2B65484822A4E1D1006AB785 /* Machinetest_oneTests.swift */; };
		2B65485422A4E1D1006AB785 /* Machinetest_oneUITests.swift in Sources */ = {isa = PBXBuildFile; fileRef = 2B65485322A4E1D1006AB785 /* Machinetest_oneUITests.swift */; };
		2B65486222A4E9CF006AB785 /* SecondViewController.swift in Sources */ = {isa = PBXBuildFile; fileRef = 2B65486122A4E9CF006AB785 /* SecondViewController.swift */; };
		2B65486422A4F25B006AB785 /* ThirdViewController.swift in Sources */ = {isa = PBXBuildFile; fileRef = 2B65486322A4F25B006AB785 /* ThirdViewController.swift */; };
		2B65486622A4FA30006AB785 /* FourthViewController.swift in Sources */ = {isa = PBXBuildFile; fileRef = 2B65486522A4FA30006AB785 /* FourthViewController.swift */; };
		2B65486822A4FE26006AB785 /* FifthViewController.swift in Sources */ = {isa = PBXBuildFile; fileRef = 2B65486722A4FE26006AB785 /* FifthViewController.swift */; };
		2B65486A22A52874006AB785 /* SixthViewController.swift in Sources */ = {isa = PBXBuildFile; fileRef = 2B65486922A52874006AB785 /* SixthViewController.swift */; };
/* End PBXBuildFile section */

/* Begin PBXContainerItemProxy section */
		2B65484522A4E1D1006AB785 /* PBXContainerItemProxy */ = {
			isa = PBXContainerItemProxy;
			containerPortal = 2B65482822A4E1D0006AB785 /* Project object */;
			proxyType = 1;
			remoteGlobalIDString = 2B65482F22A4E1D0006AB785;
			remoteInfo = Machinetest_one;
		};
		2B65485022A4E1D1006AB785 /* PBXContainerItemProxy */ = {
			isa = PBXContainerItemProxy;
			containerPortal = 2B65482822A4E1D0006AB785 /* Project object */;
			proxyType = 1;
			remoteGlobalIDString = 2B65482F22A4E1D0006AB785;
			remoteInfo = Machinetest_one;
		};
/* End PBXContainerItemProxy section */

/* Begin PBXFileReference section */
		2B65483022A4E1D0006AB785 /* Machinetest_one.app */ = {isa = PBXFileReference; explicitFileType = wrapper.application; includeInIndex = 0; path = Machinetest_one.app; sourceTree = BUILT_PRODUCTS_DIR; };
		2B65483322A4E1D0006AB785 /* AppDelegate.swift */ = {isa = PBXFileReference; lastKnownFileType = sourcecode.swift; path = AppDelegate.swift; sourceTree = "<group>"; };
		2B65483522A4E1D0006AB785 /* ViewController.swift */ = {isa = PBXFileReference; lastKnownFileType = sourcecode.swift; path = ViewController.swift; sourceTree = "<group>"; };
		2B65483822A4E1D0006AB785 /* Base */ = {isa = PBXFileReference; lastKnownFileType = file.storyboard; name = Base; path = Base.lproj/Main.storyboard; sourceTree = "<group>"; };
		2B65483A22A4E1D1006AB785 /* Assets.xcassets */ = {isa = PBXFileReference; lastKnownFileType = folder.assetcatalog; path = Assets.xcassets; sourceTree = "<group>"; };
		2B65483D22A4E1D1006AB785 /* Base */ = {isa = PBXFileReference; lastKnownFileType = file.storyboard; name = Base; path = Base.lproj/LaunchScreen.storyboard; sourceTree = "<group>"; };
		2B65483F22A4E1D1006AB785 /* Info.plist */ = {isa = PBXFileReference; lastKnownFileType = text.plist.xml; path = Info.plist; sourceTree = "<group>"; };
		2B65484422A4E1D1006AB785 /* Machinetest_oneTests.xctest */ = {isa = PBXFileReference; explicitFileType = wrapper.cfbundle; includeInIndex = 0; path = Machinetest_oneTests.xctest; sourceTree = BUILT_PRODUCTS_DIR; };
		2B65484822A4E1D1006AB785 /* Machinetest_oneTests.swift */ = {isa = PBXFileReference; lastKnownFileType = sourcecode.swift; path = Machinetest_oneTests.swift; sourceTree = "<group>"; };
		2B65484A22A4E1D1006AB785 /* Info.plist */ = {isa = PBXFileReference; lastKnownFileType = text.plist.xml; path = Info.plist; sourceTree = "<group>"; };
		2B65484F22A4E1D1006AB785 /* Machinetest_oneUITests.xctest */ = {isa = PBXFileReference; explicitFileType = wrapper.cfbundle; includeInIndex = 0; path = Machinetest_oneUITests.xctest; sourceTree = BUILT_PRODUCTS_DIR; };
		2B65485322A4E1D1006AB785 /* Machinetest_oneUITests.swift */ = {isa = PBXFileReference; lastKnownFileType = sourcecode.swift; path = Machinetest_oneUITests.swift; sourceTree = "<group>"; };
		2B65485522A4E1D1006AB785 /* Info.plist */ = {isa = PBXFileReference; lastKnownFileType = text.plist.xml; path = Info.plist; sourceTree = "<group>"; };
		2B65486122A4E9CF006AB785 /* SecondViewController.swift */ = {isa = PBXFileReference; lastKnownFileType = sourcecode.swift; path = SecondViewController.swift; sourceTree = "<group>"; };
		2B65486322A4F25B006AB785 /* ThirdViewController.swift */ = {isa = PBXFileReference; lastKnownFileType = sourcecode.swift; path = ThirdViewController.swift; sourceTree = "<group>"; };
		2B65486522A4FA30006AB785 /* FourthViewController.swift */ = {isa = PBXFileReference; lastKnownFileType = sourcecode.swift; path = FourthViewController.swift; sourceTree = "<group>"; };
		2B65486722A4FE26006AB785 /* FifthViewController.swift */ = {isa = PBXFileReference; lastKnownFileType = sourcecode.swift; path = FifthViewController.swift; sourceTree = "<group>"; };
		2B65486922A52874006AB785 /* SixthViewController.swift */ = {isa = PBXFileReference; lastKnownFileType = sourcecode.swift; path = SixthViewController.swift; sourceTree = "<group>"; };
/* End PBXFileReference section */

/* Begin PBXFrameworksBuildPhase section */
		2B65482D22A4E1D0006AB785 /* Frameworks */ = {
			isa = PBXFrameworksBuildPhase;
			buildActionMask = 2147483647;
			files = (
			);
			runOnlyForDeploymentPostprocessing = 0;
		};
		2B65484122A4E1D1006AB785 /* Frameworks */ = {
			isa = PBXFrameworksBuildPhase;
			buildActionMask = 2147483647;
			files = (
			);
			runOnlyForDeploymentPostprocessing = 0;
		};
		2B65484C22A4E1D1006AB785 /* Frameworks */ = {
			isa = PBXFrameworksBuildPhase;
			buildActionMask = 2147483647;
			files = (
			);
			runOnlyForDeploymentPostprocessing = 0;
		};
/* End PBXFrameworksBuildPhase section */

/* Begin PBXGroup section */
		2B65482722A4E1D0006AB785 = {
			isa = PBXGroup;
			children = (
				2B65483222A4E1D0006AB785 /* Machinetest_one */,
				2B65484722A4E1D1006AB785 /* Machinetest_oneTests */,
				2B65485222A4E1D1006AB785 /* Machinetest_oneUITests */,
				2B65483122A4E1D0006AB785 /* Products */,
			);
			sourceTree = "<group>";
		};
		2B65483122A4E1D0006AB785 /* Products */ = {
			isa = PBXGroup;
			children = (
				2B65483022A4E1D0006AB785 /* Machinetest_one.app */,
				2B65484422A4E1D1006AB785 /* Machinetest_oneTests.xctest */,
				2B65484F22A4E1D1006AB785 /* Machinetest_oneUITests.xctest */,
			);
			name = Products;
			sourceTree = "<group>";
		};
		2B65483222A4E1D0006AB785 /* Machinetest_one */ = {
			isa = PBXGroup;
			children = (
				2B65483322A4E1D0006AB785 /* AppDelegate.swift */,
				2B65483522A4E1D0006AB785 /* ViewController.swift */,
				2B65483722A4E1D0006AB785 /* Main.storyboard */,
				2B65483A22A4E1D1006AB785 /* Assets.xcassets */,
				2B65486122A4E9CF006AB785 /* SecondViewController.swift */,
				2B65486322A4F25B006AB785 /* ThirdViewController.swift */,
				2B65486522A4FA30006AB785 /* FourthViewController.swift */,
				2B65486722A4FE26006AB785 /* FifthViewController.swift */,
				2B65483C22A4E1D1006AB785 /* LaunchScreen.storyboard */,
				2B65483F22A4E1D1006AB785 /* Info.plist */,
				2B65486922A52874006AB785 /* SixthViewController.swift */,
			);
			path = Machinetest_one;
			sourceTree = "<group>";
		};
		2B65484722A4E1D1006AB785 /* Machinetest_oneTests */ = {
			isa = PBXGroup;
			children = (
				2B65484822A4E1D1006AB785 /* Machinetest_oneTests.swift */,
				2B65484A22A4E1D1006AB785 /* Info.plist */,
			);
			path = Machinetest_oneTests;
			sourceTree = "<group>";
		};
		2B65485222A4E1D1006AB785 /* Machinetest_oneUITests */ = {
			isa = PBXGroup;
			children = (
				2B65485322A4E1D1006AB785 /* Machinetest_oneUITests.swift */,
				2B65485522A4E1D1006AB785 /* Info.plist */,
			);
			path = Machinetest_oneUITests;
			sourceTree = "<group>";
		};
/* End PBXGroup section */

/* Begin PBXNativeTarget section */
		2B65482F22A4E1D0006AB785 /* Machinetest_one */ = {
			isa = PBXNativeTarget;
			buildConfigurationList = 2B65485822A4E1D1006AB785 /* Build configuration list for PBXNativeTarget "Machinetest_one" */;
			buildPhases = (
				2B65482C22A4E1D0006AB785 /* Sources */,
				2B65482D22A4E1D0006AB785 /* Frameworks */,
				2B65482E22A4E1D0006AB785 /* Resources */,
			);
			buildRules = (
			);
			dependencies = (
			);
			name = Machinetest_one;
			productName = Machinetest_one;
			productReference = 2B65483022A4E1D0006AB785 /* Machinetest_one.app */;
			productType = "com.apple.product-type.application";
		};
		2B65484322A4E1D1006AB785 /* Machinetest_oneTests */ = {
			isa = PBXNativeTarget;
			buildConfigurationList = 2B65485B22A4E1D1006AB785 /* Build configuration list for PBXNativeTarget "Machinetest_oneTests" */;
			buildPhases = (
				2B65484022A4E1D1006AB785 /* Sources */,
				2B65484122A4E1D1006AB785 /* Frameworks */,
				2B65484222A4E1D1006AB785 /* Resources */,
			);
			buildRules = (
			);
			dependencies = (
				2B65484622A4E1D1006AB785 /* PBXTargetDependency */,
			);
			name = Machinetest_oneTests;
			productName = Machinetest_oneTests;
			productReference = 2B65484422A4E1D1006AB785 /* Machinetest_oneTests.xctest */;
			productType = "com.apple.product-type.bundle.unit-test";
		};
		2B65484E22A4E1D1006AB785 /* Machinetest_oneUITests */ = {
			isa = PBXNativeTarget;
			buildConfigurationList = 2B65485E22A4E1D1006AB785 /* Build configuration list for PBXNativeTarget "Machinetest_oneUITests" */;
			buildPhases = (
				2B65484B22A4E1D1006AB785 /* Sources */,
				2B65484C22A4E1D1006AB785 /* Frameworks */,
				2B65484D22A4E1D1006AB785 /* Resources */,
			);
			buildRules = (
			);
			dependencies = (
				2B65485122A4E1D1006AB785 /* PBXTargetDependency */,
			);
			name = Machinetest_oneUITests;
			productName = Machinetest_oneUITests;
			productReference = 2B65484F22A4E1D1006AB785 /* Machinetest_oneUITests.xctest */;
			productType = "com.apple.product-type.bundle.ui-testing";
		};
/* End PBXNativeTarget section */

/* Begin PBXProject section */
		2B65482822A4E1D0006AB785 /* Project object */ = {
			isa = PBXProject;
			attributes = {
				LastSwiftUpdateCheck = 1020;
				LastUpgradeCheck = 1020;
				ORGANIZATIONNAME = "JIJO G OOMMEN";
				TargetAttributes = {
					2B65482F22A4E1D0006AB785 = {
						CreatedOnToolsVersion = 10.2.1;
					};
					2B65484322A4E1D1006AB785 = {
						CreatedOnToolsVersion = 10.2.1;
						TestTargetID = 2B65482F22A4E1D0006AB785;
					};
					2B65484E22A4E1D1006AB785 = {
						CreatedOnToolsVersion = 10.2.1;
						TestTargetID = 2B65482F22A4E1D0006AB785;
					};
				};
			};
			buildConfigurationList = 2B65482B22A4E1D0006AB785 /* Build configuration list for PBXProject "Machinetest_one" */;
			compatibilityVersion = "Xcode 9.3";
			developmentRegion = en;
			hasScannedForEncodings = 0;
			knownRegions = (
				en,
				Base,
			);
			mainGroup = 2B65482722A4E1D0006AB785;
			productRefGroup = 2B65483122A4E1D0006AB785 /* Products */;
			projectDirPath = "";
			projectRoot = "";
			targets = (
				2B65482F22A4E1D0006AB785 /* Machinetest_one */,
				2B65484322A4E1D1006AB785 /* Machinetest_oneTests */,
				2B65484E22A4E1D1006AB785 /* Machinetest_oneUITests */,
			);
		};
/* End PBXProject section */

/* Begin PBXResourcesBuildPhase section */
		2B65482E22A4E1D0006AB785 /* Resources */ = {
			isa = PBXResourcesBuildPhase;
			buildActionMask = 2147483647;
			files = (
				2B65483E22A4E1D1006AB785 /* LaunchScreen.storyboard in Resources */,
				2B65483B22A4E1D1006AB785 /* Assets.xcassets in Resources */,
				2B65483922A4E1D0006AB785 /* Main.storyboard in Resources */,
			);
			runOnlyForDeploymentPostprocessing = 0;
		};
		2B65484222A4E1D1006AB785 /* Resources */ = {
			isa = PBXResourcesBuildPhase;
			buildActionMask = 2147483647;
			files = (
			);
			runOnlyForDeploymentPostprocessing = 0;
		};
		2B65484D22A4E1D1006AB785 /* Resources */ = {
			isa = PBXResourcesBuildPhase;
			buildActionMask = 2147483647;
			files = (
			);
			runOnlyForDeploymentPostprocessing = 0;
		};
/* End PBXResourcesBuildPhase section */

/* Begin PBXSourcesBuildPhase section */
		2B65482C22A4E1D0006AB785 /* Sources */ = {
			isa = PBXSourcesBuildPhase;
			buildActionMask = 2147483647;
			files = (
				2B65486822A4FE26006AB785 /* FifthViewController.swift in Sources */,
				2B65486A22A52874006AB785 /* SixthViewController.swift in Sources */,
				2B65486222A4E9CF006AB785 /* SecondViewController.swift in Sources */,
				2B65483622A4E1D0006AB785 /* ViewController.swift in Sources */,
				2B65486422A4F25B006AB785 /* ThirdViewController.swift in Sources */,
				2B65483422A4E1D0006AB785 /* AppDelegate.swift in Sources */,
				2B65486622A4FA30006AB785 /* FourthViewController.swift in Sources */,
			);
			runOnlyForDeploymentPostprocessing = 0;
		};
		2B65484022A4E1D1006AB785 /* Sources */ = {
			isa = PBXSourcesBuildPhase;
			buildActionMask = 2147483647;
			files = (
				2B65484922A4E1D1006AB785 /* Machinetest_oneTests.swift in Sources */,
			);
			runOnlyForDeploymentPostprocessing = 0;
		};
		2B65484B22A4E1D1006AB785 /* Sources */ = {
			isa = PBXSourcesBuildPhase;
			buildActionMask = 2147483647;
			files = (
				2B65485422A4E1D1006AB785 /* Machinetest_oneUITests.swift in Sources */,
			);
			runOnlyForDeploymentPostprocessing = 0;
		};
/* End PBXSourcesBuildPhase section */

/* Begin PBXTargetDependency section */
		2B65484622A4E1D1006AB785 /* PBXTargetDependency */ = {
			isa = PBXTargetDependency;
			target = 2B65482F22A4E1D0006AB785 /* Machinetest_one */;
			targetProxy = 2B65484522A4E1D1006AB785 /* PBXContainerItemProxy */;
		};
		2B65485122A4E1D1006AB785 /* PBXTargetDependency */ = {
			isa = PBXTargetDependency;
			target = 2B65482F22A4E1D0006AB785 /* Machinetest_one */;
			targetProxy = 2B65485022A4E1D1006AB785 /* PBXContainerItemProxy */;
		};
/* End PBXTargetDependency section */

/* Begin PBXVariantGroup section */
		2B65483722A4E1D0006AB785 /* Main.storyboard */ = {
			isa = PBXVariantGroup;
			children = (
				2B65483822A4E1D0006AB785 /* Base */,
			);
			name = Main.storyboard;
			sourceTree = "<group>";
		};
		2B65483C22A4E1D1006AB785 /* LaunchScreen.storyboard */ = {
			isa = PBXVariantGroup;
			children = (
				2B65483D22A4E1D1006AB785 /* Base */,
			);
			name = LaunchScreen.storyboard;
			sourceTree = "<group>";
		};
/* End PBXVariantGroup section */

/* Begin XCBuildConfiguration section */
		2B65485622A4E1D1006AB785 /* Debug */ = {
			isa = XCBuildConfiguration;
			buildSettings = {
				ALWAYS_SEARCH_USER_PATHS = NO;
				CLANG_ANALYZER_NONNULL = YES;
				CLANG_ANALYZER_NUMBER_OBJECT_CONVERSION = YES_AGGRESSIVE;
				CLANG_CXX_LANGUAGE_STANDARD = "gnu++14";
				CLANG_CXX_LIBRARY = "libc++";
				CLANG_ENABLE_MODULES = YES;
				CLANG_ENABLE_OBJC_ARC = YES;
				CLANG_ENABLE_OBJC_WEAK = YES;
				CLANG_WARN_BLOCK_CAPTURE_AUTORELEASING = YES;
				CLANG_WARN_BOOL_CONVERSION = YES;
				CLANG_WARN_COMMA = YES;
				CLANG_WARN_CONSTANT_CONVERSION = YES;
				CLANG_WARN_DEPRECATED_OBJC_IMPLEMENTATIONS = YES;
				CLANG_WARN_DIRECT_OBJC_ISA_USAGE = YES_ERROR;
				CLANG_WARN_DOCUMENTATION_COMMENTS = YES;
				CLANG_WARN_EMPTY_BODY = YES;
				CLANG_WARN_ENUM_CONVERSION = YES;
				CLANG_WARN_INFINITE_RECURSION = YES;
				CLANG_WARN_INT_CONVERSION = YES;
				CLANG_WARN_NON_LITERAL_NULL_CONVERSION = YES;
				CLANG_WARN_OBJC_IMPLICIT_RETAIN_SELF = YES;
				CLANG_WARN_OBJC_LITERAL_CONVERSION = YES;
				CLANG_WARN_OBJC_ROOT_CLASS = YES_ERROR;
				CLANG_WARN_RANGE_LOOP_ANALYSIS = YES;
				CLANG_WARN_STRICT_PROTOTYPES = YES;
				CLANG_WARN_SUSPICIOUS_MOVE = YES;
				CLANG_WARN_UNGUARDED_AVAILABILITY = YES_AGGRESSIVE;
				CLANG_WARN_UNREACHABLE_CODE = YES;
				CLANG_WARN__DUPLICATE_METHOD_MATCH = YES;
				CODE_SIGN_IDENTITY = "iPhone Developer";
				COPY_PHASE_STRIP = NO;
				DEBUG_INFORMATION_FORMAT = dwarf;
				ENABLE_STRICT_OBJC_MSGSEND = YES;
				ENABLE_TESTABILITY = YES;
				GCC_C_LANGUAGE_STANDARD = gnu11;
				GCC_DYNAMIC_NO_PIC = NO;
				GCC_NO_COMMON_BLOCKS = YES;
				GCC_OPTIMIZATION_LEVEL = 0;
				GCC_PREPROCESSOR_DEFINITIONS = (
					"DEBUG=1",
					"$(inherited)",
				);
				GCC_WARN_64_TO_32_BIT_CONVERSION = YES;
				GCC_WARN_ABOUT_RETURN_TYPE = YES_ERROR;
				GCC_WARN_UNDECLARED_SELECTOR = YES;
				GCC_WARN_UNINITIALIZED_AUTOS = YES_AGGRESSIVE;
				GCC_WARN_UNUSED_FUNCTION = YES;
				GCC_WARN_UNUSED_VARIABLE = YES;
				IPHONEOS_DEPLOYMENT_TARGET = 12.2;
				MTL_ENABLE_DEBUG_INFO = INCLUDE_SOURCE;
				MTL_FAST_MATH = YES;
				ONLY_ACTIVE_ARCH = YES;
				SDKROOT = iphoneos;
				SWIFT_ACTIVE_COMPILATION_CONDITIONS = DEBUG;
				SWIFT_OPTIMIZATION_LEVEL = "-Onone";
			};
			name = Debug;
		};
		2B65485722A4E1D1006AB785 /* Release */ = {
			isa = XCBuildConfiguration;
			buildSettings = {
				ALWAYS_SEARCH_USER_PATHS = NO;
				CLANG_ANALYZER_NONNULL = YES;
				CLANG_ANALYZER_NUMBER_OBJECT_CONVERSION = YES_AGGRESSIVE;
				CLANG_CXX_LANGUAGE_STANDARD = "gnu++14";
				CLANG_CXX_LIBRARY = "libc++";
				CLANG_ENABLE_MODULES = YES;
				CLANG_ENABLE_OBJC_ARC = YES;
				CLANG_ENABLE_OBJC_WEAK = YES;
				CLANG_WARN_BLOCK_CAPTURE_AUTORELEASING = YES;
				CLANG_WARN_BOOL_CONVERSION = YES;
				CLANG_WARN_COMMA = YES;
				CLANG_WARN_CONSTANT_CONVERSION = YES;
				CLANG_WARN_DEPRECATED_OBJC_IMPLEMENTATIONS = YES;
				CLANG_WARN_DIRECT_OBJC_ISA_USAGE = YES_ERROR;
				CLANG_WARN_DOCUMENTATION_COMMENTS = YES;
				CLANG_WARN_EMPTY_BODY = YES;
				CLANG_WARN_ENUM_CONVERSION = YES;
				CLANG_WARN_INFINITE_RECURSION = YES;
				CLANG_WARN_INT_CONVERSION = YES;
				CLANG_WARN_NON_LITERAL_NULL_CONVERSION = YES;
				CLANG_WARN_OBJC_IMPLICIT_RETAIN_SELF = YES;
				CLANG_WARN_OBJC_LITERAL_CONVERSION = YES;
				CLANG_WARN_OBJC_ROOT_CLASS = YES_ERROR;
				CLANG_WARN_RANGE_LOOP_ANALYSIS = YES;
				CLANG_WARN_STRICT_PROTOTYPES = YES;
				CLANG_WARN_SUSPICIOUS_MOVE = YES;
				CLANG_WARN_UNGUARDED_AVAILABILITY = YES_AGGRESSIVE;
				CLANG_WARN_UNREACHABLE_CODE = YES;
				CLANG_WARN__DUPLICATE_METHOD_MATCH = YES;
				CODE_SIGN_IDENTITY = "iPhone Developer";
				COPY_PHASE_STRIP = NO;
				DEBUG_INFORMATION_FORMAT = "dwarf-with-dsym";
				ENABLE_NS_ASSERTIONS = NO;
				ENABLE_STRICT_OBJC_MSGSEND = YES;
				GCC_C_LANGUAGE_STANDARD = gnu11;
				GCC_NO_COMMON_BLOCKS = YES;
				GCC_WARN_64_TO_32_BIT_CONVERSION = YES;
				GCC_WARN_ABOUT_RETURN_TYPE = YES_ERROR;
				GCC_WARN_UNDECLARED_SELECTOR = YES;
				GCC_WARN_UNINITIALIZED_AUTOS = YES_AGGRESSIVE;
				GCC_WARN_UNUSED_FUNCTION = YES;
				GCC_WARN_UNUSED_VARIABLE = YES;
				IPHONEOS_DEPLOYMENT_TARGET = 12.2;
				MTL_ENABLE_DEBUG_INFO = NO;
				MTL_FAST_MATH = YES;
				SDKROOT = iphoneos;
				SWIFT_COMPILATION_MODE = wholemodule;
				SWIFT_OPTIMIZATION_LEVEL = "-O";
				VALIDATE_PRODUCT = YES;
			};
			name = Release;
		};
		2B65485922A4E1D1006AB785 /* Debug */ = {
			isa = XCBuildConfiguration;
			buildSettings = {
				ASSETCATALOG_COMPILER_APPICON_NAME = AppIcon;
				CODE_SIGN_STYLE = Automatic;
				DEVELOPMENT_TEAM = ZJVGGN33ZQ;
				INFOPLIST_FILE = Machinetest_one/Info.plist;
				LD_RUNPATH_SEARCH_PATHS = (
					"$(inherited)",
					"@executable_path/Frameworks",
				);
				PRODUCT_BUNDLE_IDENTIFIER = "JIJO.Machinetest-one";
				PRODUCT_NAME = "$(TARGET_NAME)";
				SWIFT_VERSION = 5.0;
				TARGETED_DEVICE_FAMILY = "1,2";
			};
			name = Debug;
		};
		2B65485A22A4E1D1006AB785 /* Release */ = {
			isa = XCBuildConfiguration;
			buildSettings = {
				ASSETCATALOG_COMPILER_APPICON_NAME = AppIcon;
				CODE_SIGN_STYLE = Automatic;
				DEVELOPMENT_TEAM = ZJVGGN33ZQ;
				INFOPLIST_FILE = Machinetest_one/Info.plist;
				LD_RUNPATH_SEARCH_PATHS = (
					"$(inherited)",
					"@executable_path/Frameworks",
				);
				PRODUCT_BUNDLE_IDENTIFIER = "JIJO.Machinetest-one";
				PRODUCT_NAME = "$(TARGET_NAME)";
				SWIFT_VERSION = 5.0;
				TARGETED_DEVICE_FAMILY = "1,2";
			};
			name = Release;
		};
		2B65485C22A4E1D1006AB785 /* Debug */ = {
			isa = XCBuildConfiguration;
			buildSettings = {
				ALWAYS_EMBED_SWIFT_STANDARD_LIBRARIES = YES;
				BUNDLE_LOADER = "$(TEST_HOST)";
				CODE_SIGN_STYLE = Automatic;
				DEVELOPMENT_TEAM = ZJVGGN33ZQ;
				INFOPLIST_FILE = Machinetest_oneTests/Info.plist;
				LD_RUNPATH_SEARCH_PATHS = (
					"$(inherited)",
					"@executable_path/Frameworks",
					"@loader_path/Frameworks",
				);
				PRODUCT_BUNDLE_IDENTIFIER = "JIJO.Machinetest-oneTests";
				PRODUCT_NAME = "$(TARGET_NAME)";
				SWIFT_VERSION = 5.0;
				TARGETED_DEVICE_FAMILY = "1,2";
				TEST_HOST = "$(BUILT_PRODUCTS_DIR)/Machinetest_one.app/Machinetest_one";
			};
			name = Debug;
		};
		2B65485D22A4E1D1006AB785 /* Release */ = {
			isa = XCBuildConfiguration;
			buildSettings = {
				ALWAYS_EMBED_SWIFT_STANDARD_LIBRARIES = YES;
				BUNDLE_LOADER = "$(TEST_HOST)";
				CODE_SIGN_STYLE = Automatic;
				DEVELOPMENT_TEAM = ZJVGGN33ZQ;
				INFOPLIST_FILE = Machinetest_oneTests/Info.plist;
				LD_RUNPATH_SEARCH_PATHS = (
					"$(inherited)",
					"@executable_path/Frameworks",
					"@loader_path/Frameworks",
				);
				PRODUCT_BUNDLE_IDENTIFIER = "JIJO.Machinetest-oneTests";
				PRODUCT_NAME = "$(TARGET_NAME)";
				SWIFT_VERSION = 5.0;
				TARGETED_DEVICE_FAMILY = "1,2";
				TEST_HOST = "$(BUILT_PRODUCTS_DIR)/Machinetest_one.app/Machinetest_one";
			};
			name = Release;
		};
		2B65485F22A4E1D1006AB785 /* Debug */ = {
			isa = XCBuildConfiguration;
			buildSettings = {
				ALWAYS_EMBED_SWIFT_STANDARD_LIBRARIES = YES;
				CODE_SIGN_STYLE = Automatic;
				DEVELOPMENT_TEAM = ZJVGGN33ZQ;
				INFOPLIST_FILE = Machinetest_oneUITests/Info.plist;
				LD_RUNPATH_SEARCH_PATHS = (
					"$(inherited)",
					"@executable_path/Frameworks",
					"@loader_path/Frameworks",
				);
				PRODUCT_BUNDLE_IDENTIFIER = "JIJO.Machinetest-oneUITests";
				PRODUCT_NAME = "$(TARGET_NAME)";
				SWIFT_VERSION = 5.0;
				TARGETED_DEVICE_FAMILY = "1,2";
				TEST_TARGET_NAME = Machinetest_one;
			};
			name = Debug;
		};
		2B65486022A4E1D1006AB785 /* Release */ = {
			isa = XCBuildConfiguration;
			buildSettings = {
				ALWAYS_EMBED_SWIFT_STANDARD_LIBRARIES = YES;
				CODE_SIGN_STYLE = Automatic;
				DEVELOPMENT_TEAM = ZJVGGN33ZQ;
				INFOPLIST_FILE = Machinetest_oneUITests/Info.plist;
				LD_RUNPATH_SEARCH_PATHS = (
					"$(inherited)",
					"@executable_path/Frameworks",
					"@loader_path/Frameworks",
				);
				PRODUCT_BUNDLE_IDENTIFIER = "JIJO.Machinetest-oneUITests";
				PRODUCT_NAME = "$(TARGET_NAME)";
				SWIFT_VERSION = 5.0;
				TARGETED_DEVICE_FAMILY = "1,2";
				TEST_TARGET_NAME = Machinetest_one;
			};
			name = Release;
		};
/* End XCBuildConfiguration section */

/* Begin XCConfigurationList section */
		2B65482B22A4E1D0006AB785 /* Build configuration list for PBXProject "Machinetest_one" */ = {
			isa = XCConfigurationList;
			buildConfigurations = (
				2B65485622A4E1D1006AB785 /* Debug */,
				2B65485722A4E1D1006AB785 /* Release */,
			);
			defaultConfigurationIsVisible = 0;
			defaultConfigurationName = Release;
		};
		2B65485822A4E1D1006AB785 /* Build configuration list for PBXNativeTarget "Machinetest_one" */ = {
			isa = XCConfigurationList;
			buildConfigurations = (
				2B65485922A4E1D1006AB785 /* Debug */,
				2B65485A22A4E1D1006AB785 /* Release */,
			);
			defaultConfigurationIsVisible = 0;
			defaultConfigurationName = Release;
		};
		2B65485B22A4E1D1006AB785 /* Build configuration list for PBXNativeTarget "Machinetest_oneTests" */ = {
			isa = XCConfigurationList;
			buildConfigurations = (
				2B65485C22A4E1D1006AB785 /* Debug */,
				2B65485D22A4E1D1006AB785 /* Release */,
			);
			defaultConfigurationIsVisible = 0;
			defaultConfigurationName = Release;
		};
		2B65485E22A4E1D1006AB785 /* Build configuration list for PBXNativeTarget "Machinetest_oneUITests" */ = {
			isa = XCConfigurationList;
			buildConfigurations = (
				2B65485F22A4E1D1006AB785 /* Debug */,
				2B65486022A4E1D1006AB785 /* Release */,
			);
			defaultConfigurationIsVisible = 0;
			defaultConfigurationName = Release;
		};
/* End XCConfigurationList section */
	};
	rootObject = 2B65482822A4E1D0006AB785 /* Project object */;
}
